
Microsoft Visual Studio Solution File, Format Version 12.00
# Visual Studio Version 17
VisualStudioVersion = 17.0.31903.59
MinimumVisualStudioVersion = 10.0.40219.1
Project("{9A19103F-16F7-4668-BE54-9A1E7A4F7556}") = "Parking", "Parking\Parking.csproj", "{89F873C5-8D68-4E9C-B9A1-FC08377BB2B2}"
EndProject
Project("{9A19103F-16F7-4668-BE54-9A1E7A4F7556}") = "ParkingTest", "ParkingTest\ParkingTest.csproj", "{A8ACA4A3-7190-41F4-9365-D317A66B923A}"
EndProject
Global
	GlobalSection(SolutionConfigurationPlatforms) = preSolution
		Debug|Any CPU = Debug|Any CPU
		Release|Any CPU = Release|Any CPU
	EndGlobalSection
	GlobalSection(ProjectConfigurationPlatforms) = postSolution
		{89F873C5-8D68-4E9C-B9A1-FC08377BB2B2}.Debug|Any CPU.ActiveCfg = Debug|Any CPU
		{89F873C5-8D68-4E9C-B9A1-FC08377BB2B2}.Debug|Any CPU.Build.0 = Debug|Any CPU
		{89F873C5-8D68-4E9C-B9A1-FC08377BB2B2}.Release|Any CPU.ActiveCfg = Release|Any CPU
		{89F873C5-8D68-4E9C-B9A1-FC08377BB2B2}.Release|Any CPU.Build.0 = Release|Any CPU
		{A8ACA4A3-7190-41F4-9365-D317A66B923A}.Debug|Any CPU.ActiveCfg = Debug|Any CPU
		{A8ACA4A3-7190-41F4-9365-D317A66B923A}.Debug|Any CPU.Build.0 = Debug|Any CPU
		{A8ACA4A3-7190-41F4-9365-D317A66B923A}.Release|Any CPU.ActiveCfg = Release|Any CPU
		{A8ACA4A3-7190-41F4-9365-D317A66B923A}.Release|Any CPU.Build.0 = Release|Any CPU
	EndGlobalSection
	GlobalSection(SolutionProperties) = preSolution
		HideSolutionNode = FALSE
	EndGlobalSection
	GlobalSection(ExtensibilityGlobals) = postSolution
		SolutionGuid = {24AC653F-0DF2-4B0A-A9D1-C027A2AC43E8}
	EndGlobalSection
EndGlobal
